
Microsoft Visual Studio Solution File, Format Version 12.00
# Visual Studio 14
VisualStudioVersion = 14.0.25420.1
MinimumVisualStudioVersion = 10.0.40219.1
Project("{F184B08F-C81C-45F6-A57F-5ABD9991F28F}") = "connLib", "connLib\connLib.vbproj", "{9D5AF149-09AB-4402-A4E8-2E3E1BF24EE7}"
EndProject
Project("{F184B08F-C81C-45F6-A57F-5ABD9991F28F}") = "imgLib", "imgLib\imgLib.vbproj", "{BABD0BBE-83B9-4578-A8F7-93E6043F310C}"
EndProject
Project("{F184B08F-C81C-45F6-A57F-5ABD9991F28F}") = "mainlib", "mainlib\mainlib.vbproj", "{688F916F-83F7-4F6D-B976-2121B1C45BE4}"
EndProject
Project("{F184B08F-C81C-45F6-A57F-5ABD9991F28F}") = "secuLib", "secuLib\secuLib.vbproj", "{D98079AF-BCA1-4DBD-847B-54F79A96E41D}"
EndProject
Project("{F184B08F-C81C-45F6-A57F-5ABD9991F28F}") = "SEE_POS_OFFLINE", "SEE_POS_OFFLINE\SEE_POS_OFFLINE.vbproj", "{9D17585C-A60B-42EE-9870-21F33CAC447D}"
EndProject
Project("{F184B08F-C81C-45F6-A57F-5ABD9991F28F}") = "SEE_POS_COMMON", "SEE_POS_COMMON\SEE_POS_COMMON.vbproj", "{20BA7CF2-F2C0-412D-B7D2-5D0BEA08F8DF}"
EndProject
Project("{F184B08F-C81C-45F6-A57F-5ABD9991F28F}") = "SEE_POS_RESOURCES", "SEE_POS_RESOURCES\SEE_POS_RESOURCES.vbproj", "{6F4379BB-E7F1-471D-A278-2FD5126608A7}"
EndProject
Global
	GlobalSection(SolutionConfigurationPlatforms) = preSolution
		Debug|Any CPU = Debug|Any CPU
		Release|Any CPU = Release|Any CPU
	EndGlobalSection
	GlobalSection(ProjectConfigurationPlatforms) = postSolution
		{9D5AF149-09AB-4402-A4E8-2E3E1BF24EE7}.Debug|Any CPU.ActiveCfg = Debug|Any CPU
		{9D5AF149-09AB-4402-A4E8-2E3E1BF24EE7}.Debug|Any CPU.Build.0 = Debug|Any CPU
		{9D5AF149-09AB-4402-A4E8-2E3E1BF24EE7}.Release|Any CPU.ActiveCfg = Release|Any CPU
		{9D5AF149-09AB-4402-A4E8-2E3E1BF24EE7}.Release|Any CPU.Build.0 = Release|Any CPU
		{BABD0BBE-83B9-4578-A8F7-93E6043F310C}.Debug|Any CPU.ActiveCfg = Debug|Any CPU
		{BABD0BBE-83B9-4578-A8F7-93E6043F310C}.Debug|Any CPU.Build.0 = Debug|Any CPU
		{BABD0BBE-83B9-4578-A8F7-93E6043F310C}.Release|Any CPU.ActiveCfg = Release|Any CPU
		{BABD0BBE-83B9-4578-A8F7-93E6043F310C}.Release|Any CPU.Build.0 = Release|Any CPU
		{688F916F-83F7-4F6D-B976-2121B1C45BE4}.Debug|Any CPU.ActiveCfg = Debug|Any CPU
		{688F916F-83F7-4F6D-B976-2121B1C45BE4}.Debug|Any CPU.Build.0 = Debug|Any CPU
		{688F916F-83F7-4F6D-B976-2121B1C45BE4}.Release|Any CPU.ActiveCfg = Release|Any CPU
		{688F916F-83F7-4F6D-B976-2121B1C45BE4}.Release|Any CPU.Build.0 = Release|Any CPU
		{D98079AF-BCA1-4DBD-847B-54F79A96E41D}.Debug|Any CPU.ActiveCfg = Debug|Any CPU
		{D98079AF-BCA1-4DBD-847B-54F79A96E41D}.Debug|Any CPU.Build.0 = Debug|Any CPU
		{D98079AF-BCA1-4DBD-847B-54F79A96E41D}.Release|Any CPU.ActiveCfg = Release|Any CPU
		{D98079AF-BCA1-4DBD-847B-54F79A96E41D}.Release|Any CPU.Build.0 = Release|Any CPU
		{9D17585C-A60B-42EE-9870-21F33CAC447D}.Debug|Any CPU.ActiveCfg = Debug|Any CPU
		{9D17585C-A60B-42EE-9870-21F33CAC447D}.Debug|Any CPU.Build.0 = Debug|Any CPU
		{9D17585C-A60B-42EE-9870-21F33CAC447D}.Release|Any CPU.ActiveCfg = Release|Any CPU
		{9D17585C-A60B-42EE-9870-21F33CAC447D}.Release|Any CPU.Build.0 = Release|Any CPU
		{20BA7CF2-F2C0-412D-B7D2-5D0BEA08F8DF}.Debug|Any CPU.ActiveCfg = Debug|Any CPU
		{20BA7CF2-F2C0-412D-B7D2-5D0BEA08F8DF}.Debug|Any CPU.Build.0 = Debug|Any CPU
		{20BA7CF2-F2C0-412D-B7D2-5D0BEA08F8DF}.Release|Any CPU.ActiveCfg = Release|Any CPU
		{20BA7CF2-F2C0-412D-B7D2-5D0BEA08F8DF}.Release|Any CPU.Build.0 = Release|Any CPU
		{6F4379BB-E7F1-471D-A278-2FD5126608A7}.Debug|Any CPU.ActiveCfg = Debug|Any CPU
		{6F4379BB-E7F1-471D-A278-2FD5126608A7}.Debug|Any CPU.Build.0 = Debug|Any CPU
		{6F4379BB-E7F1-471D-A278-2FD5126608A7}.Release|Any CPU.ActiveCfg = Release|Any CPU
		{6F4379BB-E7F1-471D-A278-2FD5126608A7}.Release|Any CPU.Build.0 = Release|Any CPU
	EndGlobalSection
	GlobalSection(SolutionProperties) = preSolution
		HideSolutionNode = FALSE
	EndGlobalSection
EndGlobal
